
Microsoft Visual Studio Solution File, Format Version 12.00
# Visual Studio 15
VisualStudioVersion = 15.0.28307.572
MinimumVisualStudioVersion = 10.0.40219.1
Project("{FAE04EC0-301F-11D3-BF4B-00C04F79EFBC}") = "FivemManager", "FivemManager\FivemManager.csproj", "{23595975-953D-47F7-AD81-190A47E53CC1}"
EndProject
Global
	GlobalSection(SolutionConfigurationPlatforms) = preSolution
		Debug|Any CPU = Debug|Any CPU
		Release|Any CPU = Release|Any CPU
	EndGlobalSection
	GlobalSection(ProjectConfigurationPlatforms) = postSolution
		{23595975-953D-47F7-AD81-190A47E53CC1}.Debug|Any CPU.ActiveCfg = Debug|Any CPU
		{23595975-953D-47F7-AD81-190A47E53CC1}.Debug|Any CPU.Build.0 = Debug|Any CPU
		{23595975-953D-47F7-AD81-190A47E53CC1}.Release|Any CPU.ActiveCfg = Release|Any CPU
		{23595975-953D-47F7-AD81-190A47E53CC1}.Release|Any CPU.Build.0 = Release|Any CPU
	EndGlobalSection
	GlobalSection(SolutionProperties) = preSolution
		HideSolutionNode = FALSE
	EndGlobalSection
	GlobalSection(ExtensibilityGlobals) = postSolution
		SolutionGuid = {0ABB16B7-3CE4-49F1-9509-45001937F5AE}
	EndGlobalSection
EndGlobal
